# This file is autogenerated, do not edit; changes may be undone by the next 'dep ensure'.


[[projects]]
  name = "github.com/Microsoft/go-winio"
  packages = ["."]
  revision = "7ff89941bcb93df2e962467fb073c6e997b13cf0"
  version = "v0.4.4"

[[projects]]
  branch = "master"
  name = "github.com/Sirupsen/logrus"
  packages = ["."]
  revision = "181d419aa9e2223811b824e8f0b4af96f9ba9302"

[[projects]]
  branch = "master"
  name = "github.com/containers/virtcontainers"
  packages = ["pkg/hyperstart"]
  revision = "7f40a7cc76b6ae65ba4835a2777ddffd2ce496c7"

[[projects]]
  name = "github.com/coreos/go-systemd"
  packages = ["dbus","util"]
  revision = "d2196463941895ee908e13531a23a39feb9e1243"
  version = "v15"

[[projects]]
  name = "github.com/coreos/pkg"
  packages = ["dlopen"]
  revision = "3ac0863d7acf3bc44daf49afef8919af12f704ef"
  version = "v3"

[[projects]]
  name = "github.com/docker/docker"
  packages = ["pkg/longpath","pkg/mount","pkg/symlink","pkg/system"]
  revision = "092cba3727bb9b4a2f0e922cd6c0f93ea270e363"
  version = "v1.13.1"

[[projects]]
  name = "github.com/docker/go-units"
  packages = ["."]
  revision = "f2d77a61e3c169b43402a0a1e84f06daf29b8190"
  version = "v0.3.1"

[[projects]]
  name = "github.com/godbus/dbus"
  packages = ["."]
  revision = "5f6efc7ef2759c81b7ba876593971bfce311eab3"
  version = "v4.0.0"

[[projects]]
  branch = "master"
  name = "github.com/golang/glog"
  packages = ["."]
  revision = "23def4e6c14b4da8ac2ed8007337bc5eb5007998"

[[projects]]
  branch = "master"
  name = "github.com/golang/protobuf"
  packages = ["proto"]
  revision = "748d386b5c1ea99658fd69fe9f03991ce86a90c1"

[[projects]]
  branch = "master"
  name = "github.com/jkeiser/iter"
  packages = ["."]
  revision = "67b94d6149c6b2efe0fde15d36a50a7692c2da17"

[[projects]]
  branch = "master"
  name = "github.com/jochenvg/go-udev"
  packages = ["."]
  revision = "b7a82d7b755ee9b24b4a4cfd2c0626200903810a"

[[projects]]
  branch = "master"
  name = "github.com/mrunalp/fileutils"
  packages = ["."]
  revision = "4ee1cc9a80582a0c75febdd5cfa779ee4361cbca"

[[projects]]
  branch = "master"
  name = "github.com/opencontainers/runc"
  packages = ["libcontainer","libcontainer/apparmor","libcontainer/cgroups","libcontainer/cgroups/fs","libcontainer/cgroups/rootless","libcontainer/cgroups/systemd","libcontainer/configs","libcontainer/configs/validate","libcontainer/criurpc","libcontainer/keys","libcontainer/nsenter","libcontainer/seccomp","libcontainer/stacktrace","libcontainer/system","libcontainer/user","libcontainer/utils"]
  revision = "e775f0fba3ea329b8b766451c892c41a3d49594d"

[[projects]]
  name = "github.com/opencontainers/runtime-spec"
  packages = ["specs-go"]
  revision = "02137cd4e50b37a01665e1731fcd4ac2d2178230"
  version = "v1.0.0"

[[projects]]
  name = "github.com/opencontainers/selinux"
  packages = ["go-selinux","go-selinux/label"]
  revision = "ba1aefe8057f1d0cfb8e88d0ec1dc85925ef987d"
  version = "v1.0.0-rc1"

[[projects]]
  name = "github.com/seccomp/libseccomp-golang"
  packages = ["."]
  revision = "e3496e3a417d1dc9ecdceca5af2513271fed37a0"
  version = "v0.9.0"

[[projects]]
  name = "github.com/sirupsen/logrus"
  packages = ["."]
  revision = "a3f95b5c423586578a4e099b11a46c2479628cac"
  version = "1.0.2"

[[projects]]
  branch = "master"
  name = "github.com/syndtr/gocapability"
  packages = ["capability"]
  revision = "db04d3cc01c8b54962a58ec7e491717d06cfcc16"

[[projects]]
  branch = "master"
  name = "github.com/urfave/cli"
  packages = ["."]
  revision = "4b90d79a682b4bf685762c7452db20f2a676ecb2"

[[projects]]
  branch = "master"
  name = "github.com/vishvananda/netlink"
  packages = [".","nl"]
  revision = "8d7f7aad193e778023f06a843a26ffc9615ca840"

[[projects]]
  branch = "master"
  name = "github.com/vishvananda/netns"
  packages = ["."]
  revision = "86bef332bfc3b59b7624a600bd53009ce91a9829"

[[projects]]
  branch = "master"
  name = "golang.org/x/crypto"
  packages = ["ssh/terminal"]
  revision = "558b6879de74bc843225cde5686419267ff707ca"

[[projects]]
  branch = "master"
  name = "golang.org/x/sys"
  packages = ["unix","windows"]
  revision = "396c9fc8fb0ce27fc7a1ff136dc5af797bba258a"

[solve-meta]
  analyzer-name = "dep"
  analyzer-version = 1
  inputs-digest = "4ec422ab0b9bd144d5c748d861ccdf3ba92e6a7d85aa6c42907eb371ab6b826c"
  solver-name = "gps-cdcl"
  solver-version = 1
